
Microsoft Visual Studio Solution File, Format Version 12.00
# Visual Studio Version 17
VisualStudioVersion = 17.0.31903.59
MinimumVisualStudioVersion = 10.0.40219.1
Project("{2150E333-8FDC-42A3-9474-1A3956D46DE8}") = "src", "src", "{827E0CD3-B72D-47B6-A68D-7590B98EB39B}"
EndProject
Project("{FAE04EC0-301F-11D3-BF4B-00C04F79EFBC}") = "PCConnect.Core", "src\PCConnect.Core\PCConnect.Core.csproj", "{7A82BBDA-595A-42C7-958E-70604812370E}"
EndProject
Project("{FAE04EC0-301F-11D3-BF4B-00C04F79EFBC}") = "PCConnect.Infrastructure", "src\PCConnect.Infrastructure\PCConnect.Infrastructure.csproj", "{D911D595-951F-49BC-882E-30B9797234DE}"
EndProject
Project("{FAE04EC0-301F-11D3-BF4B-00C04F79EFBC}") = "PCConnect.Api", "src\PCConnect.Api\PCConnect.Api.csproj", "{D399DE97-88E5-410D-AFB4-95B63F5B65D7}"
EndProject
Project("{FAE04EC0-301F-11D3-BF4B-00C04F79EFBC}") = "PCConnect.DbMigrator", "src\PCConnect.DbMigrator\PCConnect.DbMigrator.csproj", "{7F76BBD0-FB0F-4773-975D-ABF27724EB31}"
EndProject
Project("{FAE04EC0-301F-11D3-BF4B-00C04F79EFBC}") = "PCConnect.Worker", "src\PCConnect.Worker\PCConnect.Worker.csproj", "{853D9623-B052-4FD8-B130-0176B5DDAF19}"
EndProject
Project("{FAE04EC0-301F-11D3-BF4B-00C04F79EFBC}") = "PCConnect.LegacyMigrator", "src\PCConnect.LegacyMigrator\PCConnect.LegacyMigrator.csproj", "{98AAACDF-D288-4531-94A4-013438551A7D}"
EndProject
Project("{FAE04EC0-301F-11D3-BF4B-00C04F79EFBC}") = "PCConnect.Client", "src\PCConnect.Client\PCConnect.Client.csproj", "{B84D9CA8-745D-4C13-93D0-906E18B5CAA6}"
EndProject
Project("{2150E333-8FDC-42A3-9474-1A3956D46DE8}") = "clients", "clients", "{9123F88B-E531-3118-42D7-ED8CEF4BD00E}"
EndProject
Project("{2150E333-8FDC-42A3-9474-1A3956D46DE8}") = "windows", "windows", "{97B566EA-ED14-B2D5-B897-99CBA2BD8589}"
EndProject
Project("{FAE04EC0-301F-11D3-BF4B-00C04F79EFBC}") = "PCConnect.Agent", "clients\windows\PCConnect.Agent\PCConnect.Agent.csproj", "{9DC3752A-9CE0-4810-B708-9C3C1DB179A9}"
EndProject
Project("{FAE04EC0-301F-11D3-BF4B-00C04F79EFBC}") = "PCConnect.Companion", "clients\windows\PCConnect.Companion\PCConnect.Companion.csproj", "{C70A2B2F-E98F-4D5F-9346-1654F293158C}"
EndProject
Project("{2150E333-8FDC-42A3-9474-1A3956D46DE8}") = "tests", "tests", "{0AB3BF05-4346-4AA6-1389-037BE0695223}"
EndProject
Project("{FAE04EC0-301F-11D3-BF4B-00C04F79EFBC}") = "PCConnect.UnitTests", "tests\PCConnect.UnitTests\PCConnect.UnitTests.csproj", "{FABCEBF1-C1FC-427F-A29D-86EADEC5DF8E}"
EndProject
Project("{FAE04EC0-301F-11D3-BF4B-00C04F79EFBC}") = "PCConnect.IntegrationTests", "tests\PCConnect.IntegrationTests\PCConnect.IntegrationTests.csproj", "{6DDF0935-B513-41B9-9565-6CD1E1C9C3A8}"
EndProject
Global
	GlobalSection(SolutionConfigurationPlatforms) = preSolution
		Debug|Any CPU = Debug|Any CPU
		Debug|x64 = Debug|x64
		Debug|x86 = Debug|x86
		Release|Any CPU = Release|Any CPU
		Release|x64 = Release|x64
		Release|x86 = Release|x86
	EndGlobalSection
	GlobalSection(ProjectConfigurationPlatforms) = postSolution
		{7A82BBDA-595A-42C7-958E-70604812370E}.Debug|Any CPU.ActiveCfg = Debug|Any CPU
		{7A82BBDA-595A-42C7-958E-70604812370E}.Debug|Any CPU.Build.0 = Debug|Any CPU
		{7A82BBDA-595A-42C7-958E-70604812370E}.Debug|x64.ActiveCfg = Debug|Any CPU
		{7A82BBDA-595A-42C7-958E-70604812370E}.Debug|x64.Build.0 = Debug|Any CPU
		{7A82BBDA-595A-42C7-958E-70604812370E}.Debug|x86.ActiveCfg = Debug|Any CPU
		{7A82BBDA-595A-42C7-958E-70604812370E}.Debug|x86.Build.0 = Debug|Any CPU
		{7A82BBDA-595A-42C7-958E-70604812370E}.Release|Any CPU.ActiveCfg = Release|Any CPU
		{7A82BBDA-595A-42C7-958E-70604812370E}.Release|Any CPU.Build.0 = Release|Any CPU
		{7A82BBDA-595A-42C7-958E-70604812370E}.Release|x64.ActiveCfg = Release|Any CPU
		{7A82BBDA-595A-42C7-958E-70604812370E}.Release|x64.Build.0 = Release|Any CPU
		{7A82BBDA-595A-42C7-958E-70604812370E}.Release|x86.ActiveCfg = Release|Any CPU
		{7A82BBDA-595A-42C7-958E-70604812370E}.Release|x86.Build.0 = Release|Any CPU
		{D911D595-951F-49BC-882E-30B9797234DE}.Debug|Any CPU.ActiveCfg = Debug|Any CPU
		{D911D595-951F-49BC-882E-30B9797234DE}.Debug|Any CPU.Build.0 = Debug|Any CPU
		{D911D595-951F-49BC-882E-30B9797234DE}.Debug|x64.ActiveCfg = Debug|Any CPU
		{D911D595-951F-49BC-882E-30B9797234DE}.Debug|x64.Build.0 = Debug|Any CPU
		{D911D595-951F-49BC-882E-30B9797234DE}.Debug|x86.ActiveCfg = Debug|Any CPU
		{D911D595-951F-49BC-882E-30B9797234DE}.Debug|x86.Build.0 = Debug|Any CPU
		{D911D595-951F-49BC-882E-30B9797234DE}.Release|Any CPU.ActiveCfg = Release|Any CPU
		{D911D595-951F-49BC-882E-30B9797234DE}.Release|Any CPU.Build.0 = Release|Any CPU
		{D911D595-951F-49BC-882E-30B9797234DE}.Release|x64.ActiveCfg = Release|Any CPU
		{D911D595-951F-49BC-882E-30B9797234DE}.Release|x64.Build.0 = Release|Any CPU
		{D911D595-951F-49BC-882E-30B9797234DE}.Release|x86.ActiveCfg = Release|Any CPU
		{D911D595-951F-49BC-882E-30B9797234DE}.Release|x86.Build.0 = Release|Any CPU
		{D399DE97-88E5-410D-AFB4-95B63F5B65D7}.Debug|Any CPU.ActiveCfg = Debug|Any CPU
		{D399DE97-88E5-410D-AFB4-95B63F5B65D7}.Debug|Any CPU.Build.0 = Debug|Any CPU
		{D399DE97-88E5-410D-AFB4-95B63F5B65D7}.Debug|x64.ActiveCfg = Debug|Any CPU
		{D399DE97-88E5-410D-AFB4-95B63F5B65D7}.Debug|x64.Build.0 = Debug|Any CPU
		{D399DE97-88E5-410D-AFB4-95B63F5B65D7}.Debug|x86.ActiveCfg = Debug|Any CPU
		{D399DE97-88E5-410D-AFB4-95B63F5B65D7}.Debug|x86.Build.0 = Debug|Any CPU
		{D399DE97-88E5-410D-AFB4-95B63F5B65D7}.Release|Any CPU.ActiveCfg = Release|Any CPU
		{D399DE97-88E5-410D-AFB4-95B63F5B65D7}.Release|Any CPU.Build.0 = Release|Any CPU
		{D399DE97-88E5-410D-AFB4-95B63F5B65D7}.Release|x64.ActiveCfg = Release|Any CPU
		{D399DE97-88E5-410D-AFB4-95B63F5B65D7}.Release|x64.Build.0 = Release|Any CPU
		{D399DE97-88E5-410D-AFB4-95B63F5B65D7}.Release|x86.ActiveCfg = Release|Any CPU
		{D399DE97-88E5-410D-AFB4-95B63F5B65D7}.Release|x86.Build.0 = Release|Any CPU
		{7F76BBD0-FB0F-4773-975D-ABF27724EB31}.Debug|Any CPU.ActiveCfg = Debug|Any CPU
		{7F76BBD0-FB0F-4773-975D-ABF27724EB31}.Debug|Any CPU.Build.0 = Debug|Any CPU
		{7F76BBD0-FB0F-4773-975D-ABF27724EB31}.Debug|x64.ActiveCfg = Debug|Any CPU
		{7F76BBD0-FB0F-4773-975D-ABF27724EB31}.Debug|x64.Build.0 = Debug|Any CPU
		{7F76BBD0-FB0F-4773-975D-ABF27724EB31}.Debug|x86.ActiveCfg = Debug|Any CPU
		{7F76BBD0-FB0F-4773-975D-ABF27724EB31}.Debug|x86.Build.0 = Debug|Any CPU
		{7F76BBD0-FB0F-4773-975D-ABF27724EB31}.Release|Any CPU.ActiveCfg = Release|Any CPU
		{7F76BBD0-FB0F-4773-975D-ABF27724EB31}.Release|Any CPU.Build.0 = Release|Any CPU
		{7F76BBD0-FB0F-4773-975D-ABF27724EB31}.Release|x64.ActiveCfg = Release|Any CPU
		{7F76BBD0-FB0F-4773-975D-ABF27724EB31}.Release|x64.Build.0 = Release|Any CPU
		{7F76BBD0-FB0F-4773-975D-ABF27724EB31}.Release|x86.ActiveCfg = Release|Any CPU
		{7F76BBD0-FB0F-4773-975D-ABF27724EB31}.Release|x86.Build.0 = Release|Any CPU
		{853D9623-B052-4FD8-B130-0176B5DDAF19}.Debug|Any CPU.ActiveCfg = Debug|Any CPU
		{853D9623-B052-4FD8-B130-0176B5DDAF19}.Debug|Any CPU.Build.0 = Debug|Any CPU
		{853D9623-B052-4FD8-B130-0176B5DDAF19}.Debug|x64.ActiveCfg = Debug|Any CPU
		{853D9623-B052-4FD8-B130-0176B5DDAF19}.Debug|x64.Build.0 = Debug|Any CPU
		{853D9623-B052-4FD8-B130-0176B5DDAF19}.Debug|x86.ActiveCfg = Debug|Any CPU
		{853D9623-B052-4FD8-B130-0176B5DDAF19}.Debug|x86.Build.0 = Debug|Any CPU
		{853D9623-B052-4FD8-B130-0176B5DDAF19}.Release|Any CPU.ActiveCfg = Release|Any CPU
		{853D9623-B052-4FD8-B130-0176B5DDAF19}.Release|Any CPU.Build.0 = Release|Any CPU
		{853D9623-B052-4FD8-B130-0176B5DDAF19}.Release|x64.ActiveCfg = Release|Any CPU
		{853D9623-B052-4FD8-B130-0176B5DDAF19}.Release|x64.Build.0 = Release|Any CPU
		{853D9623-B052-4FD8-B130-0176B5DDAF19}.Release|x86.ActiveCfg = Release|Any CPU
		{853D9623-B052-4FD8-B130-0176B5DDAF19}.Release|x86.Build.0 = Release|Any CPU
		{98AAACDF-D288-4531-94A4-013438551A7D}.Debug|Any CPU.ActiveCfg = Debug|Any CPU
		{98AAACDF-D288-4531-94A4-013438551A7D}.Debug|Any CPU.Build.0 = Debug|Any CPU
		{98AAACDF-D288-4531-94A4-013438551A7D}.Debug|x64.ActiveCfg = Debug|Any CPU
		{98AAACDF-D288-4531-94A4-013438551A7D}.Debug|x64.Build.0 = Debug|Any CPU
		{98AAACDF-D288-4531-94A4-013438551A7D}.Debug|x86.ActiveCfg = Debug|Any CPU
		{98AAACDF-D288-4531-94A4-013438551A7D}.Debug|x86.Build.0 = Debug|Any CPU
		{98AAACDF-D288-4531-94A4-013438551A7D}.Release|Any CPU.ActiveCfg = Release|Any CPU
		{98AAACDF-D288-4531-94A4-013438551A7D}.Release|Any CPU.Build.0 = Release|Any CPU
		{98AAACDF-D288-4531-94A4-013438551A7D}.Release|x64.ActiveCfg = Release|Any CPU
		{98AAACDF-D288-4531-94A4-013438551A7D}.Release|x64.Build.0 = Release|Any CPU
		{98AAACDF-D288-4531-94A4-013438551A7D}.Release|x86.ActiveCfg = Release|Any CPU
		{98AAACDF-D288-4531-94A4-013438551A7D}.Release|x86.Build.0 = Release|Any CPU
		{B84D9CA8-745D-4C13-93D0-906E18B5CAA6}.Debug|Any CPU.ActiveCfg = Debug|Any CPU
		{B84D9CA8-745D-4C13-93D0-906E18B5CAA6}.Debug|Any CPU.Build.0 = Debug|Any CPU
		{B84D9CA8-745D-4C13-93D0-906E18B5CAA6}.Debug|x64.ActiveCfg = Debug|Any CPU
		{B84D9CA8-745D-4C13-93D0-906E18B5CAA6}.Debug|x64.Build.0 = Debug|Any CPU
		{B84D9CA8-745D-4C13-93D0-906E18B5CAA6}.Debug|x86.ActiveCfg = Debug|Any CPU
		{B84D9CA8-745D-4C13-93D0-906E18B5CAA6}.Debug|x86.Build.0 = Debug|Any CPU
		{B84D9CA8-745D-4C13-93D0-906E18B5CAA6}.Release|Any CPU.ActiveCfg = Release|Any CPU
		{B84D9CA8-745D-4C13-93D0-906E18B5CAA6}.Release|Any CPU.Build.0 = Release|Any CPU
		{B84D9CA8-745D-4C13-93D0-906E18B5CAA6}.Release|x64.ActiveCfg = Release|Any CPU
		{B84D9CA8-745D-4C13-93D0-906E18B5CAA6}.Release|x64.Build.0 = Release|Any CPU
		{B84D9CA8-745D-4C13-93D0-906E18B5CAA6}.Release|x86.ActiveCfg = Release|Any CPU
		{B84D9CA8-745D-4C13-93D0-906E18B5CAA6}.Release|x86.Build.0 = Release|Any CPU
		{9DC3752A-9CE0-4810-B708-9C3C1DB179A9}.Debug|Any CPU.ActiveCfg = Debug|Any CPU
		{9DC3752A-9CE0-4810-B708-9C3C1DB179A9}.Debug|Any CPU.Build.0 = Debug|Any CPU
		{9DC3752A-9CE0-4810-B708-9C3C1DB179A9}.Debug|x64.ActiveCfg = Debug|Any CPU
		{9DC3752A-9CE0-4810-B708-9C3C1DB179A9}.Debug|x64.Build.0 = Debug|Any CPU
		{9DC3752A-9CE0-4810-B708-9C3C1DB179A9}.Debug|x86.ActiveCfg = Debug|Any CPU
		{9DC3752A-9CE0-4810-B708-9C3C1DB179A9}.Debug|x86.Build.0 = Debug|Any CPU
		{9DC3752A-9CE0-4810-B708-9C3C1DB179A9}.Release|Any CPU.ActiveCfg = Release|Any CPU
		{9DC3752A-9CE0-4810-B708-9C3C1DB179A9}.Release|Any CPU.Build.0 = Release|Any CPU
		{9DC3752A-9CE0-4810-B708-9C3C1DB179A9}.Release|x64.ActiveCfg = Release|Any CPU
		{9DC3752A-9CE0-4810-B708-9C3C1DB179A9}.Release|x64.Build.0 = Release|Any CPU
		{9DC3752A-9CE0-4810-B708-9C3C1DB179A9}.Release|x86.ActiveCfg = Release|Any CPU
		{9DC3752A-9CE0-4810-B708-9C3C1DB179A9}.Release|x86.Build.0 = Release|Any CPU
		{C70A2B2F-E98F-4D5F-9346-1654F293158C}.Debug|Any CPU.ActiveCfg = Debug|Any CPU
		{C70A2B2F-E98F-4D5F-9346-1654F293158C}.Debug|Any CPU.Build.0 = Debug|Any CPU
		{C70A2B2F-E98F-4D5F-9346-1654F293158C}.Debug|x64.ActiveCfg = Debug|Any CPU
		{C70A2B2F-E98F-4D5F-9346-1654F293158C}.Debug|x64.Build.0 = Debug|Any CPU
		{C70A2B2F-E98F-4D5F-9346-1654F293158C}.Debug|x86.ActiveCfg = Debug|Any CPU
		{C70A2B2F-E98F-4D5F-9346-1654F293158C}.Debug|x86.Build.0 = Debug|Any CPU
		{C70A2B2F-E98F-4D5F-9346-1654F293158C}.Release|Any CPU.ActiveCfg = Release|Any CPU
		{C70A2B2F-E98F-4D5F-9346-1654F293158C}.Release|Any CPU.Build.0 = Release|Any CPU
		{C70A2B2F-E98F-4D5F-9346-1654F293158C}.Release|x64.ActiveCfg = Release|Any CPU
		{C70A2B2F-E98F-4D5F-9346-1654F293158C}.Release|x64.Build.0 = Release|Any CPU
		{C70A2B2F-E98F-4D5F-9346-1654F293158C}.Release|x86.ActiveCfg = Release|Any CPU
		{C70A2B2F-E98F-4D5F-9346-1654F293158C}.Release|x86.Build.0 = Release|Any CPU
		{FABCEBF1-C1FC-427F-A29D-86EADEC5DF8E}.Debug|Any CPU.ActiveCfg = Debug|Any CPU
		{FABCEBF1-C1FC-427F-A29D-86EADEC5DF8E}.Debug|Any CPU.Build.0 = Debug|Any CPU
		{FABCEBF1-C1FC-427F-A29D-86EADEC5DF8E}.Debug|x64.ActiveCfg = Debug|Any CPU
		{FABCEBF1-C1FC-427F-A29D-86EADEC5DF8E}.Debug|x64.Build.0 = Debug|Any CPU
		{FABCEBF1-C1FC-427F-A29D-86EADEC5DF8E}.Debug|x86.ActiveCfg = Debug|Any CPU
		{FABCEBF1-C1FC-427F-A29D-86EADEC5DF8E}.Debug|x86.Build.0 = Debug|Any CPU
		{FABCEBF1-C1FC-427F-A29D-86EADEC5DF8E}.Release|Any CPU.ActiveCfg = Release|Any CPU
		{FABCEBF1-C1FC-427F-A29D-86EADEC5DF8E}.Release|Any CPU.Build.0 = Release|Any CPU
		{FABCEBF1-C1FC-427F-A29D-86EADEC5DF8E}.Release|x64.ActiveCfg = Release|Any CPU
		{FABCEBF1-C1FC-427F-A29D-86EADEC5DF8E}.Release|x64.Build.0 = Release|Any CPU
		{FABCEBF1-C1FC-427F-A29D-86EADEC5DF8E}.Release|x86.ActiveCfg = Release|Any CPU
		{FABCEBF1-C1FC-427F-A29D-86EADEC5DF8E}.Release|x86.Build.0 = Release|Any CPU
		{6DDF0935-B513-41B9-9565-6CD1E1C9C3A8}.Debug|Any CPU.ActiveCfg = Debug|Any CPU
		{6DDF0935-B513-41B9-9565-6CD1E1C9C3A8}.Debug|Any CPU.Build.0 = Debug|Any CPU
		{6DDF0935-B513-41B9-9565-6CD1E1C9C3A8}.Debug|x64.ActiveCfg = Debug|Any CPU
		{6DDF0935-B513-41B9-9565-6CD1E1C9C3A8}.Debug|x64.Build.0 = Debug|Any CPU
		{6DDF0935-B513-41B9-9565-6CD1E1C9C3A8}.Debug|x86.ActiveCfg = Debug|Any CPU
		{6DDF0935-B513-41B9-9565-6CD1E1C9C3A8}.Debug|x86.Build.0 = Debug|Any CPU
		{6DDF0935-B513-41B9-9565-6CD1E1C9C3A8}.Release|Any CPU.ActiveCfg = Release|Any CPU
		{6DDF0935-B513-41B9-9565-6CD1E1C9C3A8}.Release|Any CPU.Build.0 = Release|Any CPU
		{6DDF0935-B513-41B9-9565-6CD1E1C9C3A8}.Release|x64.ActiveCfg = Release|Any CPU
		{6DDF0935-B513-41B9-9565-6CD1E1C9C3A8}.Release|x64.Build.0 = Release|Any CPU
		{6DDF0935-B513-41B9-9565-6CD1E1C9C3A8}.Release|x86.ActiveCfg = Release|Any CPU
		{6DDF0935-B513-41B9-9565-6CD1E1C9C3A8}.Release|x86.Build.0 = Release|Any CPU
	EndGlobalSection
	GlobalSection(SolutionProperties) = preSolution
		HideSolutionNode = FALSE
	EndGlobalSection
	GlobalSection(NestedProjects) = preSolution
		{7A82BBDA-595A-42C7-958E-70604812370E} = {827E0CD3-B72D-47B6-A68D-7590B98EB39B}
		{D911D595-951F-49BC-882E-30B9797234DE} = {827E0CD3-B72D-47B6-A68D-7590B98EB39B}
		{D399DE97-88E5-410D-AFB4-95B63F5B65D7} = {827E0CD3-B72D-47B6-A68D-7590B98EB39B}
		{7F76BBD0-FB0F-4773-975D-ABF27724EB31} = {827E0CD3-B72D-47B6-A68D-7590B98EB39B}
		{853D9623-B052-4FD8-B130-0176B5DDAF19} = {827E0CD3-B72D-47B6-A68D-7590B98EB39B}
		{98AAACDF-D288-4531-94A4-013438551A7D} = {827E0CD3-B72D-47B6-A68D-7590B98EB39B}
		{B84D9CA8-745D-4C13-93D0-906E18B5CAA6} = {827E0CD3-B72D-47B6-A68D-7590B98EB39B}
		{97B566EA-ED14-B2D5-B897-99CBA2BD8589} = {9123F88B-E531-3118-42D7-ED8CEF4BD00E}
		{9DC3752A-9CE0-4810-B708-9C3C1DB179A9} = {97B566EA-ED14-B2D5-B897-99CBA2BD8589}
		{C70A2B2F-E98F-4D5F-9346-1654F293158C} = {97B566EA-ED14-B2D5-B897-99CBA2BD8589}
		{FABCEBF1-C1FC-427F-A29D-86EADEC5DF8E} = {0AB3BF05-4346-4AA6-1389-037BE0695223}
		{6DDF0935-B513-41B9-9565-6CD1E1C9C3A8} = {0AB3BF05-4346-4AA6-1389-037BE0695223}
	EndGlobalSection
EndGlobal
