{
  "version": 2,
  "dependencies": {
    "net10.0": {
      "Microsoft.AspNetCore.SignalR.StackExchangeRedis": {
        "type": "Direct",
        "requested": "[10.0.11, )",
        "resolved": "10.0.11",
        "contentHash": "bo7fagrKzIkwBTnzYXwPSqkV/JLALw22QYSwVnizsrHkiV7txWmIrsWxm8Qe3uRTZbxnykBUOnnC3ZavGtlqRg==",
        "dependencies": {
          "MessagePack": "2.5.302",
          "StackExchange.Redis": "2.7.27"
        }
      },
      "OpenTelemetry.Exporter.OpenTelemetryProtocol": {
        "type": "Direct",
        "requested": "[1.18.0, )",
        "resolved": "1.18.0",
        "contentHash": "Et3WAviooKGObZjUZN8d6eTsdJs1YM3ZoN+KlWSAHksTmHG1nyGi9XGo2wb0fkFMWK0g80FOPdR1njg52Dm+aw==",
        "dependencies": {
          "OpenTelemetry": "1.18.0"
        }
      },
      "OpenTelemetry.Extensions.Hosting": {
        "type": "Direct",
        "requested": "[1.18.0, )",
        "resolved": "1.18.0",
        "contentHash": "u+JMA82H65MKwMvd2qUpL8C2qE4Jux2nvX9hmy036UK/Apv2YyIRYCttF/vlX6nMPcAKI8BXkscmL4QG3C69fw==",
        "dependencies": {
          "OpenTelemetry": "1.18.0"
        }
      },
      "OpenTelemetry.Instrumentation.AspNetCore": {
        "type": "Direct",
        "requested": "[1.18.0, )",
        "resolved": "1.18.0",
        "contentHash": "hBiMXE/CGIAHUOpi0gScNkjHB0L9XbCin5lZObL+dMBl4OmpndnHgxP3JZDnnGtU6qOzdeh8TYUV9f6Jgmmhlw==",
        "dependencies": {
          "OpenTelemetry.Api.ProviderBuilderExtensions": "[1.18.0, 2.0.0)"
        }
      },
      "OpenTelemetry.Instrumentation.Http": {
        "type": "Direct",
        "requested": "[1.18.0, )",
        "resolved": "1.18.0",
        "contentHash": "/X57peOOa4a+9V4DSVXbuIWdsAxmU5gsxw8lu+gJU0zuewsYhC9f6qdm8GEW0VvqG9e+gxn0HdVR5G3YHcWDTw==",
        "dependencies": {
          "OpenTelemetry.Api.ProviderBuilderExtensions": "[1.18.0, 2.0.0)"
        }
      },
      "OpenTelemetry.Instrumentation.Runtime": {
        "type": "Direct",
        "requested": "[1.18.0, )",
        "resolved": "1.18.0",
        "contentHash": "McuXGjBJDL/Cown2PxfUQysK98MZG7ZDjO/IKUtaAx8t1m0PB0d+QtJC79RFTVipMhRIwjJiULNOp0OGfZbvwg==",
        "dependencies": {
          "OpenTelemetry.Api": "[1.18.0, 2.0.0)"
        }
      },
      "StackExchange.Redis": {
        "type": "Direct",
        "requested": "[2.7.27, )",
        "resolved": "2.7.27",
        "contentHash": "Uqc2OQHglqj9/FfGQ6RkKFkZfHySfZlfmbCl+hc+u2I/IqunfelQ7QJi7ZhvAJxUtu80pildVX6NPLdDaUffOw==",
        "dependencies": {
          "Pipelines.Sockets.Unofficial": "2.2.8"
        }
      },
      "Fido2.Models": {
        "type": "Transitive",
        "resolved": "4.0.1",
        "contentHash": "SepPhuYlDEWFwObg39xea9e5Ck5a7qpUP0vjIWzkEOCXDWsKQaW9sdN+m+h9phiCzb0r3w1yauypnHN11CozIw==",
        "dependencies": {
          "Microsoft.Bcl.Memory": "9.0.14"
        }
      },
      "Konscious.Security.Cryptography.Blake2": {
        "type": "Transitive",
        "resolved": "1.1.1",
        "contentHash": "odwOyzj/J/lHJZNwFWJGU/LRecBShupAJ2S8TQqZfhUe9niHzu/voBYK5wuVKsvSpzbfupKQYZguVyIk1sgOkQ=="
      },
      "libsodium": {
        "type": "Transitive",
        "resolved": "1.0.20.1",
        "contentHash": "pkiceEqJDQFHjbga3k/oPfTVX9g+GKJZ1VrkuiLhaymt9YNw1Dr7cX9hNuZuNaWcr9WD0moW55k4pMwzQ7JaZQ=="
      },
      "MessagePack": {
        "type": "Transitive",
        "resolved": "2.5.302",
        "contentHash": "5DZsKli4dMEpm/glcMAheuO8/IesfaTskbfsuvgnQwWFKS5FN7Z6yNx+5F+UW94E+9N2qt8Zs63/XVzpLsElgA==",
        "dependencies": {
          "MessagePack.Annotations": "2.5.302",
          "Microsoft.NET.StringTools": "17.6.3"
        }
      },
      "MessagePack.Annotations": {
        "type": "Transitive",
        "resolved": "2.5.302",
        "contentHash": "PTHQHbMJzx1VtUUCpnvPavD7o5X9s2dAJ4uQHAP2kBCwJKICpPTZq0qxzbB4/6iJJiIxem8zlxyfldGAx1SjSQ=="
      },
      "Microsoft.Bcl.Memory": {
        "type": "Transitive",
        "resolved": "9.0.14",
        "contentHash": "laQCcjTM2FnbyznkAu9hwBuQh3z2/OtJKwjGkJOUevylFpFXZIUVq/+MU2jM0HQm1n5wsjjwtLIDOiWJ6Nai3A=="
      },
      "Microsoft.Bcl.TimeProvider": {
        "type": "Transitive",
        "resolved": "8.0.1",
        "contentHash": "C7kWHJnMRY7EvJev2S8+yJHZ1y7A4ZlLbA4NE+O23BDIAN5mHeqND1m+SKv1ChRS5YlCDW7yAMUe7lttRsJaAA=="
      },
      "Microsoft.EntityFrameworkCore.Abstractions": {
        "type": "Transitive",
        "resolved": "10.0.4",
        "contentHash": "qDcJqCfN1XYyX0ID/Hd9/kQTRvlia8S+Yuwyl9uFhBIKnOCbl9WMdGQCzbZUKbkpkfvf3P9CDdXsnxHyE3O0Aw=="
      },
      "Microsoft.EntityFrameworkCore.Analyzers": {
        "type": "Transitive",
        "resolved": "10.0.4",
        "contentHash": "pQeMHCyD3yTtCEGnHV4VsgKUvrESo3MR5mnh8sgQ1hWYmI1YFsUutDowBIxkobeWRtaRmBqQAtF7XQFW6FWuNA=="
      },
      "Microsoft.EntityFrameworkCore.Relational": {
        "type": "Transitive",
        "resolved": "10.0.4",
        "contentHash": "DOTjTHy93W3TwpMLM4SCm0n57Sc0Jj3+m2S6LSTstKyBB34eT1UouaMS19mpWwvtj42+sRiEjA3+rOTNoNzXFQ==",
        "dependencies": {
          "Microsoft.EntityFrameworkCore": "10.0.4"
        }
      },
      "Microsoft.IdentityModel.Abstractions": {
        "type": "Transitive",
        "resolved": "8.2.0",
        "contentHash": "27ClfnelIu92kLGOaz0vjdXR1Jv7hAdLffxxNgR8T0+IMWmxeVyO3cU8oohmuTrWUFOfd2tsSGaRNewnuClIZw=="
      },
      "Microsoft.IdentityModel.JsonWebTokens": {
        "type": "Transitive",
        "resolved": "8.2.0",
        "contentHash": "/DAx+9HeqfkH/PccwHx7cUtQe9fYM6AxEmTla8WXUT+w+mapKLnigWmdKtF55hNvxiSnmGhSSCcG7XrvkpGKFA==",
        "dependencies": {
          "Microsoft.Bcl.TimeProvider": "8.0.1",
          "Microsoft.IdentityModel.Tokens": "8.2.0"
        }
      },
      "Microsoft.IdentityModel.Logging": {
        "type": "Transitive",
        "resolved": "8.2.0",
        "contentHash": "mZsjOZlbmCZfM71y8Fyo+D5UJ1RZFvmKXkxTfE2llQ0/CrfEeWmbpoew51w++EWs+G8B/peZqR1DQtbX3bB6Fg==",
        "dependencies": {
          "Microsoft.IdentityModel.Abstractions": "8.2.0"
        }
      },
      "Microsoft.IdentityModel.Tokens": {
        "type": "Transitive",
        "resolved": "8.2.0",
        "contentHash": "/I+6D3SwW8hQh5wznGzQCrS4L5y5Re/0AEKKfXXAduWzz4WKqJzY8RmjwZ6W66bIFUhPrqOy6zsLKPik4Ppnbw==",
        "dependencies": {
          "Microsoft.Bcl.TimeProvider": "8.0.1",
          "Microsoft.IdentityModel.Logging": "8.2.0"
        }
      },
      "Microsoft.NET.StringTools": {
        "type": "Transitive",
        "resolved": "17.6.3",
        "contentHash": "N0ZIanl1QCgvUumEL1laasU0a7sOE5ZwLZVTn0pAePnfhq8P7SvTjF8Axq+CnavuQkmdQpGNXQ1efZtu5kDFbA=="
      },
      "NSec.Cryptography": {
        "type": "Transitive",
        "resolved": "25.4.0",
        "contentHash": "Z3wPpG0xefMLmhn9T+Ka/EzAmMQPT0THL/5E4lf9cXI/N9rbGH0G23ZFpRcPnD0ast2k7ieG6QSVNIjmfPCXBQ==",
        "dependencies": {
          "libsodium": "[1.0.20.1, 1.0.21)"
        }
      },
      "OpenTelemetry": {
        "type": "Transitive",
        "resolved": "1.18.0",
        "contentHash": "13AKxycK+olOLe061MjliPTNBR/DUkjyRr0b9zwUhKyMjFS8lXS7G31R85rkbM55up2YFmdykWdAw2giBDJpiQ==",
        "dependencies": {
          "OpenTelemetry.Api.ProviderBuilderExtensions": "1.18.0"
        }
      },
      "OpenTelemetry.Api": {
        "type": "Transitive",
        "resolved": "1.18.0",
        "contentHash": "Dhzm5oughIY9EWckt2J1yXcEbXpki5WCL2q7prJoYxzH6C7jdkfGtPMTkUVZZ4AhjJKzQnlC+kLSIlmIVwC4Vw=="
      },
      "OpenTelemetry.Api.ProviderBuilderExtensions": {
        "type": "Transitive",
        "resolved": "1.18.0",
        "contentHash": "io6A6PJFp3vIObRGf6oPjdHsdglkinXt/0SpTDJHrVnsLxUtOzwh/QwTsnhBJ43wJ6QcGMkyNzsSSY8XEB1Q5Q==",
        "dependencies": {
          "OpenTelemetry.Api": "1.18.0"
        }
      },
      "Pipelines.Sockets.Unofficial": {
        "type": "Transitive",
        "resolved": "2.2.8",
        "contentHash": "zG2FApP5zxSx6OcdJQLbZDk2AVlN2BNQD6MorwIfV6gVj0RRxWPEp2LXAxqDGZqeNV1Zp0BNPcNaey/GXmTdvQ=="
      },
      "pcconnect.contracts": {
        "type": "Project"
      },
      "pcconnect.domain": {
        "type": "Project",
        "dependencies": {
          "PCConnect.Contracts": "[1.0.0, )"
        }
      },
      "pcconnect.infrastructure": {
        "type": "Project",
        "dependencies": {
          "Fido2": "[4.0.1, )",
          "Fido2.AspNet": "[4.0.1, )",
          "Konscious.Security.Cryptography.Argon2": "[1.3.1, )",
          "Microsoft.EntityFrameworkCore": "[10.0.4, )",
          "Npgsql": "[10.0.3, )",
          "Npgsql.EntityFrameworkCore.PostgreSQL": "[10.0.3, )",
          "PCConnect.Contracts": "[1.0.0, )",
          "PCConnect.Domain": "[1.0.0, )"
        }
      },
      "Fido2": {
        "type": "CentralTransitive",
        "requested": "[4.0.1, )",
        "resolved": "4.0.1",
        "contentHash": "k/+JLt4J4k4zccYwtV1yiRMZEphwj+GacQeVj1p7foEp787a8vJFkHtLnyzSRsnbf9JDYEh7SF8VBWlTTbdsdQ==",
        "dependencies": {
          "Fido2.Models": "4.0.1",
          "Microsoft.IdentityModel.JsonWebTokens": "8.2.0",
          "NSec.Cryptography": "25.4.0"
        }
      },
      "Fido2.AspNet": {
        "type": "CentralTransitive",
        "requested": "[4.0.1, )",
        "resolved": "4.0.1",
        "contentHash": "KupbLzUjy40wgQIW21sTl+KmlnJVdFqJqF7bGFhl/g2BzayagYvEl6yllIInZWsVu8AGHAO33OmeO8JZVH+z9w==",
        "dependencies": {
          "Fido2": "4.0.1",
          "Fido2.Models": "4.0.1"
        }
      },
      "Konscious.Security.Cryptography.Argon2": {
        "type": "CentralTransitive",
        "requested": "[1.3.1, )",
        "resolved": "1.3.1",
        "contentHash": "T+OAGwzYYXftahpOxO7J4xA5K6urxwGnWQf3M+Jpi+76Azv/0T3M5SuN+h7/QvXuiqNw3ZEZ5QqVLI5ygDAylw==",
        "dependencies": {
          "Konscious.Security.Cryptography.Blake2": "1.1.1"
        }
      },
      "Microsoft.EntityFrameworkCore": {
        "type": "CentralTransitive",
        "requested": "[10.0.4, )",
        "resolved": "10.0.4",
        "contentHash": "kzTsfFK2GCytp6DDTfQOmxPU4gbGdrIlP7PxrxF3ESNLtfXrC8BoUVZENBN2WORlZPAD7CVX6AYIglgkpXQooA==",
        "dependencies": {
          "Microsoft.EntityFrameworkCore.Abstractions": "10.0.4",
          "Microsoft.EntityFrameworkCore.Analyzers": "10.0.4"
        }
      },
      "Npgsql": {
        "type": "CentralTransitive",
        "requested": "[10.0.3, )",
        "resolved": "10.0.3",
        "contentHash": "7nb5YzXuvWWJxB0J8DiyL3we+X4FOctZrt0fIBnucOIaIevFEEwGQVZKtiu9olXdlNAK1eNgqSral6r/jlhI4w=="
      },
      "Npgsql.EntityFrameworkCore.PostgreSQL": {
        "type": "CentralTransitive",
        "requested": "[10.0.3, )",
        "resolved": "10.0.3",
        "contentHash": "IPGrrZnRkuW7OlHDhUESZz4G5DLkW7Nej/O3Cx+0iTsgyU5XJxBgpsvTHLloo3WWuAKKbDHXBvWPVkX1deRh1Q==",
        "dependencies": {
          "Microsoft.EntityFrameworkCore": "[10.0.4, 11.0.0)",
          "Microsoft.EntityFrameworkCore.Relational": "[10.0.4, 11.0.0)",
          "Npgsql": "10.0.3"
        }
      }
    }
  }
}